
Microsoft Visual Studio Solution File, Format Version 12.00
# Visual Studio 15
VisualStudioVersion = 15.0.27004.2005
MinimumVisualStudioVersion = 10.0.40219.1
Project("{FAE04EC0-301F-11D3-BF4B-00C04F79EFBC}") = "DannyCustomControls", "DannyCustomControls.csproj", "{4C9E883A-926D-4EDE-A7CE-207DECDC4748}"
EndProject
Global
	GlobalSection(SolutionConfigurationPlatforms) = preSolution
		Debug|Any CPU = Debug|Any CPU
		Release|Any CPU = Release|Any CPU
	EndGlobalSection
	GlobalSection(ProjectConfigurationPlatforms) = postSolution
		{4C9E883A-926D-4EDE-A7CE-207DECDC4748}.Debug|Any CPU.ActiveCfg = Debug|Any CPU
		{4C9E883A-926D-4EDE-A7CE-207DECDC4748}.Debug|Any CPU.Build.0 = Debug|Any CPU
		{4C9E883A-926D-4EDE-A7CE-207DECDC4748}.Release|Any CPU.ActiveCfg = Release|Any CPU
		{4C9E883A-926D-4EDE-A7CE-207DECDC4748}.Release|Any CPU.Build.0 = Release|Any CPU
	EndGlobalSection
	GlobalSection(SolutionProperties) = preSolution
		HideSolutionNode = FALSE
	EndGlobalSection
	GlobalSection(ExtensibilityGlobals) = postSolution
		SolutionGuid = {A997ECC1-A2AA-4743-B28D-61AE7BF28981}
	EndGlobalSection
EndGlobal
